
Microsoft Visual Studio Solution File, Format Version 12.00
# Visual Studio Version 16
VisualStudioVersion = 16.0.31729.503
MinimumVisualStudioVersion = 10.0.40219.1
Project("{FAE04EC0-301F-11D3-BF4B-00C04F79EFBC}") = "GIS_labs", "GIS_labs\GIS_labs.csproj", "{4DC485B1-A71D-4466-A279-8C8AE52AA782}"
EndProject
Global
	GlobalSection(SolutionConfigurationPlatforms) = preSolution
		Debug|Any CPU = Debug|Any CPU
		Release|Any CPU = Release|Any CPU
	EndGlobalSection
	GlobalSection(ProjectConfigurationPlatforms) = postSolution
		{4DC485B1-A71D-4466-A279-8C8AE52AA782}.Debug|Any CPU.ActiveCfg = Debug|Any CPU
		{4DC485B1-A71D-4466-A279-8C8AE52AA782}.Debug|Any CPU.Build.0 = Debug|Any CPU
		{4DC485B1-A71D-4466-A279-8C8AE52AA782}.Release|Any CPU.ActiveCfg = Release|Any CPU
		{4DC485B1-A71D-4466-A279-8C8AE52AA782}.Release|Any CPU.Build.0 = Release|Any CPU
	EndGlobalSection
	GlobalSection(SolutionProperties) = preSolution
		HideSolutionNode = FALSE
	EndGlobalSection
	GlobalSection(ExtensibilityGlobals) = postSolution
		SolutionGuid = {8875E529-628F-40D7-A5BC-F82E1BC44BE2}
	EndGlobalSection
EndGlobal
